// !$*UTF8*$!
{
	archiveVersion = 1;
	classes = {
	};
	objectVersion = 46;
	objects = {

/* Begin PBXBuildFile section */
		6C27CE7D1CE8CBC100C42FB4 /* CoreDataStack.swift in Sources */ = {isa = PBXBuildFile; fileRef = 6C27CE7C1CE8CBC100C42FB4 /* CoreDataStack.swift */; };
		6C27CE801CE8D13100C42FB4 /* Model.xcdatamodeld in Sources */ = {isa = PBXBuildFile; fileRef = 6C27CE7E1CE8D13100C42FB4 /* Model.xcdatamodeld */; };
		6C27CE841CE8D7EF00C42FB4 /* Message.swift in Sources */ = {isa = PBXBuildFile; fileRef = 6C27CE821CE8D7EF00C42FB4 /* Message.swift */; };
		6C27CE881CE8EDB400C42FB4 /* Chat+CoreDataProperties.swift in Sources */ = {isa = PBXBuildFile; fileRef = 6C27CE851CE8EDB400C42FB4 /* Chat+CoreDataProperties.swift */; };
		6C27CE891CE8EDB400C42FB4 /* Chat.swift in Sources */ = {isa = PBXBuildFile; fileRef = 6C27CE861CE8EDB400C42FB4 /* Chat.swift */; };
		6C27CE8A1CE8EDB400C42FB4 /* Message+CoreDataProperties.swift in Sources */ = {isa = PBXBuildFile; fileRef = 6C27CE871CE8EDB400C42FB4 /* Message+CoreDataProperties.swift */; };
		6C4CC58D1CBC701C00905D99 /* AppDelegate.swift in Sources */ = {isa = PBXBuildFile; fileRef = 6C4CC58C1CBC701C00905D99 /* AppDelegate.swift */; };
		6C4CC5921CBC701C00905D99 /* Main.storyboard in Resources */ = {isa = PBXBuildFile; fileRef = 6C4CC5901CBC701C00905D99 /* Main.storyboard */; };
		6C4CC5941CBC701C00905D99 /* Assets.xcassets in Resources */ = {isa = PBXBuildFile; fileRef = 6C4CC5931CBC701C00905D99 /* Assets.xcassets */; };
		6C4CC5971CBC701C00905D99 /* LaunchScreen.storyboard in Resources */ = {isa = PBXBuildFile; fileRef = 6C4CC5951CBC701C00905D99 /* LaunchScreen.storyboard */; };
		6C4CC5A31CBC70AB00905D99 /* ChatViewController.swift in Sources */ = {isa = PBXBuildFile; fileRef = 6C4CC5A21CBC70AB00905D99 /* ChatViewController.swift */; };
		6C576B0A1CBE9F200054447A /* ChatCell.swift in Sources */ = {isa = PBXBuildFile; fileRef = 6C576B091CBE9F200054447A /* ChatCell.swift */; };
		6CB57DF61CC58BFA00307103 /* UITableView+Scroll.swift in Sources */ = {isa = PBXBuildFile; fileRef = 6CB57DF51CC58BFA00307103 /* UITableView+Scroll.swift */; };
/* End PBXBuildFile section */

/* Begin PBXFileReference section */
		6C27CE7C1CE8CBC100C42FB4 /* CoreDataStack.swift */ = {isa = PBXFileReference; fileEncoding = 4; lastKnownFileType = sourcecode.swift; name = CoreDataStack.swift; path = Model/CoreDataStack.swift; sourceTree = "<group>"; };
		6C27CE7F1CE8D13100C42FB4 /* Model.xcdatamodel */ = {isa = PBXFileReference; lastKnownFileType = wrapper.xcdatamodel; path = Model.xcdatamodel; sourceTree = "<group>"; };
		6C27CE821CE8D7EF00C42FB4 /* Message.swift */ = {isa = PBXFileReference; fileEncoding = 4; lastKnownFileType = sourcecode.swift; name = Message.swift; path = Model/Message.swift; sourceTree = "<group>"; };
		6C27CE851CE8EDB400C42FB4 /* Chat+CoreDataProperties.swift */ = {isa = PBXFileReference; fileEncoding = 4; lastKnownFileType = sourcecode.swift; name = "Chat+CoreDataProperties.swift"; path = "Model/Chat+CoreDataProperties.swift"; sourceTree = "<group>"; };
		6C27CE861CE8EDB400C42FB4 /* Chat.swift */ = {isa = PBXFileReference; fileEncoding = 4; lastKnownFileType = sourcecode.swift; name = Chat.swift; path = Model/Chat.swift; sourceTree = "<group>"; };
		6C27CE871CE8EDB400C42FB4 /* Message+CoreDataProperties.swift */ = {isa = PBXFileReference; fileEncoding = 4; lastKnownFileType = sourcecode.swift; name = "Message+CoreDataProperties.swift"; path = "Model/Message+CoreDataProperties.swift"; sourceTree = "<group>"; };
		6C4CC5891CBC701C00905D99 /* V.app */ = {isa = PBXFileReference; explicitFileType = wrapper.application; includeInIndex = 0; path = V.app; sourceTree = BUILT_PRODUCTS_DIR; };
		6C4CC58C1CBC701C00905D99 /* AppDelegate.swift */ = {isa = PBXFileReference; lastKnownFileType = sourcecode.swift; path = AppDelegate.swift; sourceTree = "<group>"; };
		6C4CC5911CBC701C00905D99 /* Base */ = {isa = PBXFileReference; lastKnownFileType = file.storyboard; name = Base; path = Base.lproj/Main.storyboard; sourceTree = "<group>"; };
		6C4CC5931CBC701C00905D99 /* Assets.xcassets */ = {isa = PBXFileReference; lastKnownFileType = folder.assetcatalog; path = Assets.xcassets; sourceTree = "<group>"; };
		6C4CC5961CBC701C00905D99 /* Base */ = {isa = PBXFileReference; lastKnownFileType = file.storyboard; name = Base; path = Base.lproj/LaunchScreen.storyboard; sourceTree = "<group>"; };
		6C4CC5981CBC701C00905D99 /* Info.plist */ = {isa = PBXFileReference; lastKnownFileType = text.plist.xml; path = Info.plist; sourceTree = "<group>"; };
		6C4CC5A21CBC70AB00905D99 /* ChatViewController.swift */ = {isa = PBXFileReference; fileEncoding = 4; lastKnownFileType = sourcecode.swift; name = ChatViewController.swift; path = Controllers/ChatViewController.swift; sourceTree = "<group>"; };
		6C576B091CBE9F200054447A /* ChatCell.swift */ = {isa = PBXFileReference; fileEncoding = 4; lastKnownFileType = sourcecode.swift; name = ChatCell.swift; path = Views/ChatCell.swift; sourceTree = "<group>"; };
		6CB57DF51CC58BFA00307103 /* UITableView+Scroll.swift */ = {isa = PBXFileReference; fileEncoding = 4; lastKnownFileType = sourcecode.swift; name = "UITableView+Scroll.swift"; path = "Extensions/UITableView+Scroll.swift"; sourceTree = "<group>"; };
/* End PBXFileReference section */

/* Begin PBXFrameworksBuildPhase section */
		6C4CC5861CBC701C00905D99 /* Frameworks */ = {
			isa = PBXFrameworksBuildPhase;
			buildActionMask = 2147483647;
			files = (
			);
			runOnlyForDeploymentPostprocessing = 0;
		};
/* End PBXFrameworksBuildPhase section */

/* Begin PBXGroup section */
		6C4CC5801CBC701C00905D99 = {
			isa = PBXGroup;
			children = (
				6C4CC58B1CBC701C00905D99 /* V */,
				6C4CC58A1CBC701C00905D99 /* Products */,
			);
			sourceTree = "<group>";
		};
		6C4CC58A1CBC701C00905D99 /* Products */ = {
			isa = PBXGroup;
			children = (
				6C4CC5891CBC701C00905D99 /* V.app */,
			);
			name = Products;
			sourceTree = "<group>";
		};
		6C4CC58B1CBC701C00905D99 /* V */ = {
			isa = PBXGroup;
			children = (
				6C4CC59F1CBC704000905D99 /* Views */,
				6C4CC59E1CBC703300905D99 /* Controllers */,
				6C5BFF821CBD3B6C00AF33FB /* Model */,
				6CB57DF41CC58BC700307103 /* Extensions */,
				6C4CC5A11CBC704F00905D99 /* Resources */,
				6C4CC5A01CBC704800905D99 /* Infrastructure */,
			);
			path = V;
			sourceTree = "<group>";
		};
		6C4CC59E1CBC703300905D99 /* Controllers */ = {
			isa = PBXGroup;
			children = (
				6C4CC5A21CBC70AB00905D99 /* ChatViewController.swift */,
			);
			name = Controllers;
			sourceTree = "<group>";
		};
		6C4CC59F1CBC704000905D99 /* Views */ = {
			isa = PBXGroup;
			children = (
				6C4CC5901CBC701C00905D99 /* Main.storyboard */,
				6C4CC5951CBC701C00905D99 /* LaunchScreen.storyboard */,
				6C576B091CBE9F200054447A /* ChatCell.swift */,
			);
			name = Views;
			sourceTree = "<group>";
		};
		6C4CC5A01CBC704800905D99 /* Infrastructure */ = {
			isa = PBXGroup;
			children = (
				6C4CC58C1CBC701C00905D99 /* AppDelegate.swift */,
				6C4CC5981CBC701C00905D99 /* Info.plist */,
			);
			name = Infrastructure;
			sourceTree = "<group>";
		};
		6C4CC5A11CBC704F00905D99 /* Resources */ = {
			isa = PBXGroup;
			children = (
				6C4CC5931CBC701C00905D99 /* Assets.xcassets */,
			);
			name = Resources;
			sourceTree = "<group>";
		};
		6C5BFF821CBD3B6C00AF33FB /* Model */ = {
			isa = PBXGroup;
			children = (
				6C27CE7C1CE8CBC100C42FB4 /* CoreDataStack.swift */,
				6C27CE821CE8D7EF00C42FB4 /* Message.swift */,
				6C27CE861CE8EDB400C42FB4 /* Chat.swift */,
				6C27CE851CE8EDB400C42FB4 /* Chat+CoreDataProperties.swift */,
				6C27CE871CE8EDB400C42FB4 /* Message+CoreDataProperties.swift */,
				6C27CE7E1CE8D13100C42FB4 /* Model.xcdatamodeld */,
			);
			name = Model;
			sourceTree = "<group>";
		};
		6CB57DF41CC58BC700307103 /* Extensions */ = {
			isa = PBXGroup;
			children = (
				6CB57DF51CC58BFA00307103 /* UITableView+Scroll.swift */,
			);
			name = Extensions;
			sourceTree = "<group>";
		};
/* End PBXGroup section */

/* Begin PBXNativeTarget section */
		6C4CC5881CBC701C00905D99 /* V */ = {
			isa = PBXNativeTarget;
			buildConfigurationList = 6C4CC59B1CBC701C00905D99 /* Build configuration list for PBXNativeTarget "V" */;
			buildPhases = (
				6C4CC5851CBC701C00905D99 /* Sources */,
				6C4CC5861CBC701C00905D99 /* Frameworks */,
				6C4CC5871CBC701C00905D99 /* Resources */,
			);
			buildRules = (
			);
			dependencies = (
			);
			name = V;
			productName = V;
			productReference = 6C4CC5891CBC701C00905D99 /* V.app */;
			productType = "com.apple.product-type.application";
		};
/* End PBXNativeTarget section */

/* Begin PBXProject section */
		6C4CC5811CBC701C00905D99 /* Project object */ = {
			isa = PBXProject;
			attributes = {
				LastSwiftUpdateCheck = 0720;
				LastUpgradeCheck = 0720;
				ORGANIZATIONNAME = "Dulio Denis";
				TargetAttributes = {
					6C4CC5881CBC701C00905D99 = {
						CreatedOnToolsVersion = 7.2;
					};
				};
			};
			buildConfigurationList = 6C4CC5841CBC701C00905D99 /* Build configuration list for PBXProject "V" */;
			compatibilityVersion = "Xcode 3.2";
			developmentRegion = English;
			hasScannedForEncodings = 0;
			knownRegions = (
				en,
				Base,
			);
			mainGroup = 6C4CC5801CBC701C00905D99;
			productRefGroup = 6C4CC58A1CBC701C00905D99 /* Products */;
			projectDirPath = "";
			projectRoot = "";
			targets = (
				6C4CC5881CBC701C00905D99 /* V */,
			);
		};
/* End PBXProject section */

/* Begin PBXResourcesBuildPhase section */
		6C4CC5871CBC701C00905D99 /* Resources */ = {
			isa = PBXResourcesBuildPhase;
			buildActionMask = 2147483647;
			files = (
				6C4CC5971CBC701C00905D99 /* LaunchScreen.storyboard in Resources */,
				6C4CC5941CBC701C00905D99 /* Assets.xcassets in Resources */,
				6C4CC5921CBC701C00905D99 /* Main.storyboard in Resources */,
			);
			runOnlyForDeploymentPostprocessing = 0;
		};
/* End PBXResourcesBuildPhase section */

/* Begin PBXSourcesBuildPhase section */
		6C4CC5851CBC701C00905D99 /* Sources */ = {
			isa = PBXSourcesBuildPhase;
			buildActionMask = 2147483647;
			files = (
				6CB57DF61CC58BFA00307103 /* UITableView+Scroll.swift in Sources */,
				6C576B0A1CBE9F200054447A /* ChatCell.swift in Sources */,
				6C27CE801CE8D13100C42FB4 /* Model.xcdatamodeld in Sources */,
				6C27CE881CE8EDB400C42FB4 /* Chat+CoreDataProperties.swift in Sources */,
				6C27CE891CE8EDB400C42FB4 /* Chat.swift in Sources */,
				6C27CE7D1CE8CBC100C42FB4 /* CoreDataStack.swift in Sources */,
				6C27CE841CE8D7EF00C42FB4 /* Message.swift in Sources */,
				6C4CC5A31CBC70AB00905D99 /* ChatViewController.swift in Sources */,
				6C27CE8A1CE8EDB400C42FB4 /* Message+CoreDataProperties.swift in Sources */,
				6C4CC58D1CBC701C00905D99 /* AppDelegate.swift in Sources */,
			);
			runOnlyForDeploymentPostprocessing = 0;
		};
/* End PBXSourcesBuildPhase section */

/* Begin PBXVariantGroup section */
		6C4CC5901CBC701C00905D99 /* Main.storyboard */ = {
			isa = PBXVariantGroup;
			children = (
				6C4CC5911CBC701C00905D99 /* Base */,
			);
			name = Main.storyboard;
			sourceTree = "<group>";
		};
		6C4CC5951CBC701C00905D99 /* LaunchScreen.storyboard */ = {
			isa = PBXVariantGroup;
			children = (
				6C4CC5961CBC701C00905D99 /* Base */,
			);
			name = LaunchScreen.storyboard;
			sourceTree = "<group>";
		};
/* End PBXVariantGroup section */

/* Begin XCBuildConfiguration section */
		6C4CC5991CBC701C00905D99 /* Debug */ = {
			isa = XCBuildConfiguration;
			buildSettings = {
				ALWAYS_SEARCH_USER_PATHS = NO;
				CLANG_CXX_LANGUAGE_STANDARD = "gnu++0x";
				CLANG_CXX_LIBRARY = "libc++";
				CLANG_ENABLE_MODULES = YES;
				CLANG_ENABLE_OBJC_ARC = YES;
				CLANG_WARN_BOOL_CONVERSION = YES;
				CLANG_WARN_CONSTANT_CONVERSION = YES;
				CLANG_WARN_DIRECT_OBJC_ISA_USAGE = YES_ERROR;
				CLANG_WARN_EMPTY_BODY = YES;
				CLANG_WARN_ENUM_CONVERSION = YES;
				CLANG_WARN_INT_CONVERSION = YES;
				CLANG_WARN_OBJC_ROOT_CLASS = YES_ERROR;
				CLANG_WARN_UNREACHABLE_CODE = YES;
				CLANG_WARN__DUPLICATE_METHOD_MATCH = YES;
				"CODE_SIGN_IDENTITY[sdk=iphoneos*]" = "iPhone Developer";
				COPY_PHASE_STRIP = NO;
				DEBUG_INFORMATION_FORMAT = dwarf;
				ENABLE_STRICT_OBJC_MSGSEND = YES;
				ENABLE_TESTABILITY = YES;
				GCC_C_LANGUAGE_STANDARD = gnu99;
				GCC_DYNAMIC_NO_PIC = NO;
				GCC_NO_COMMON_BLOCKS = YES;
				GCC_OPTIMIZATION_LEVEL = 0;
				GCC_PREPROCESSOR_DEFINITIONS = (
					"DEBUG=1",
					"$(inherited)",
				);
				GCC_WARN_64_TO_32_BIT_CONVERSION = YES;
				GCC_WARN_ABOUT_RETURN_TYPE = YES_ERROR;
				GCC_WARN_UNDECLARED_SELECTOR = YES;
				GCC_WARN_UNINITIALIZED_AUTOS = YES_AGGRESSIVE;
				GCC_WARN_UNUSED_FUNCTION = YES;
				GCC_WARN_UNUSED_VARIABLE = YES;
				IPHONEOS_DEPLOYMENT_TARGET = 9.2;
				MTL_ENABLE_DEBUG_INFO = YES;
				ONLY_ACTIVE_ARCH = YES;
				SDKROOT = iphoneos;
				SWIFT_OPTIMIZATION_LEVEL = "-Onone";
				TARGETED_DEVICE_FAMILY = "1,2";
			};
			name = Debug;
		};
		6C4CC59A1CBC701C00905D99 /* Release */ = {
			isa = XCBuildConfiguration;
			buildSettings = {
				ALWAYS_SEARCH_USER_PATHS = NO;
				CLANG_CXX_LANGUAGE_STANDARD = "gnu++0x";
				CLANG_CXX_LIBRARY = "libc++";
				CLANG_ENABLE_MODULES = YES;
				CLANG_ENABLE_OBJC_ARC = YES;
				CLANG_WARN_BOOL_CONVERSION = YES;
				CLANG_WARN_CONSTANT_CONVERSION = YES;
				CLANG_WARN_DIRECT_OBJC_ISA_USAGE = YES_ERROR;
				CLANG_WARN_EMPTY_BODY = YES;
				CLANG_WARN_ENUM_CONVERSION = YES;
				CLANG_WARN_INT_CONVERSION = YES;
				CLANG_WARN_OBJC_ROOT_CLASS = YES_ERROR;
				CLANG_WARN_UNREACHABLE_CODE = YES;
				CLANG_WARN__DUPLICATE_METHOD_MATCH = YES;
				"CODE_SIGN_IDENTITY[sdk=iphoneos*]" = "iPhone Developer";
				COPY_PHASE_STRIP = NO;
				DEBUG_INFORMATION_FORMAT = "dwarf-with-dsym";
				ENABLE_NS_ASSERTIONS = NO;
				ENABLE_STRICT_OBJC_MSGSEND = YES;
				GCC_C_LANGUAGE_STANDARD = gnu99;
				GCC_NO_COMMON_BLOCKS = YES;
				GCC_WARN_64_TO_32_BIT_CONVERSION = YES;
				GCC_WARN_ABOUT_RETURN_TYPE = YES_ERROR;
				GCC_WARN_UNDECLARED_SELECTOR = YES;
				GCC_WARN_UNINITIALIZED_AUTOS = YES_AGGRESSIVE;
				GCC_WARN_UNUSED_FUNCTION = YES;
				GCC_WARN_UNUSED_VARIABLE = YES;
				IPHONEOS_DEPLOYMENT_TARGET = 9.2;
				MTL_ENABLE_DEBUG_INFO = NO;
				SDKROOT = iphoneos;
				TARGETED_DEVICE_FAMILY = "1,2";
				VALIDATE_PRODUCT = YES;
			};
			name = Release;
		};
		6C4CC59C1CBC701C00905D99 /* Debug */ = {
			isa = XCBuildConfiguration;
			buildSettings = {
				ASSETCATALOG_COMPILER_APPICON_NAME = AppIcon;
				INFOPLIST_FILE = V/Info.plist;
				LD_RUNPATH_SEARCH_PATHS = "$(inherited) @executable_path/Frameworks";
				PRODUCT_BUNDLE_IDENTIFIER = co.ddApps.v;
				PRODUCT_NAME = "$(TARGET_NAME)";
			};
			name = Debug;
		};
		6C4CC59D1CBC701C00905D99 /* Release */ = {
			isa = XCBuildConfiguration;
			buildSettings = {
				ASSETCATALOG_COMPILER_APPICON_NAME = AppIcon;
				INFOPLIST_FILE = V/Info.plist;
				LD_RUNPATH_SEARCH_PATHS = "$(inherited) @executable_path/Frameworks";
				PRODUCT_BUNDLE_IDENTIFIER = co.ddApps.v;
				PRODUCT_NAME = "$(TARGET_NAME)";
			};
			name = Release;
		};
/* End XCBuildConfiguration section */

/* Begin XCConfigurationList section */
		6C4CC5841CBC701C00905D99 /* Build configuration list for PBXProject "V" */ = {
			isa = XCConfigurationList;
			buildConfigurations = (
				6C4CC5991CBC701C00905D99 /* Debug */,
				6C4CC59A1CBC701C00905D99 /* Release */,
			);
			defaultConfigurationIsVisible = 0;
			defaultConfigurationName = Release;
		};
		6C4CC59B1CBC701C00905D99 /* Build configuration list for PBXNativeTarget "V" */ = {
			isa = XCConfigurationList;
			buildConfigurations = (
				6C4CC59C1CBC701C00905D99 /* Debug */,
				6C4CC59D1CBC701C00905D99 /* Release */,
			);
			defaultConfigurationIsVisible = 0;
			defaultConfigurationName = Release;
		};
/* End XCConfigurationList section */

/* Begin XCVersionGroup section */
		6C27CE7E1CE8D13100C42FB4 /* Model.xcdatamodeld */ = {
			isa = XCVersionGroup;
			children = (
				6C27CE7F1CE8D13100C42FB4 /* Model.xcdatamodel */,
			);
			currentVersion = 6C27CE7F1CE8D13100C42FB4 /* Model.xcdatamodel */;
			name = Model.xcdatamodeld;
			path = Model/Model.xcdatamodeld;
			sourceTree = "<group>";
			versionGroupType = wrapper.xcdatamodel;
		};
/* End XCVersionGroup section */
	};
	rootObject = 6C4CC5811CBC701C00905D99 /* Project object */;
}
